
Microsoft Visual Studio Solution File, Format Version 12.00
# Visual Studio Version 16
VisualStudioVersion = 16.0.32901.82
MinimumVisualStudioVersion = 10.0.40219.1
Project("{FAE04EC0-301F-11D3-BF4B-00C04F79EFBC}") = "Cricket_Auction.Web", "Cricket_Auction.Web\Cricket_Auction.Web.csproj", "{9AF812E7-FEA1-44CE-BA22-A4C88E2FC7B7}"
EndProject
Project("{FAE04EC0-301F-11D3-BF4B-00C04F79EFBC}") = "Cricket_Auction.Entities", "Cricket_Auction.Entities\Cricket_Auction.Entities.csproj", "{A17975F9-1C53-4FA3-98A9-AB6B33AD5F7E}"
EndProject
Project("{FAE04EC0-301F-11D3-BF4B-00C04F79EFBC}") = "Cricket_Auction.Data", "Cricket_Auction.Data\Cricket_Auction.Data.csproj", "{0C8414B6-EF52-4486-BCDA-354B84E03A6A}"
EndProject
Project("{FAE04EC0-301F-11D3-BF4B-00C04F79EFBC}") = "Cricket_Auction.Services", "Cricket_Auction.Services\Cricket_Auction.Services.csproj", "{D9954DAD-24E9-4F51-8A8C-37C31CEEBC04}"
EndProject
Global
	GlobalSection(SolutionConfigurationPlatforms) = preSolution
		Debug|Any CPU = Debug|Any CPU
		Release|Any CPU = Release|Any CPU
	EndGlobalSection
	GlobalSection(ProjectConfigurationPlatforms) = postSolution
		{9AF812E7-FEA1-44CE-BA22-A4C88E2FC7B7}.Debug|Any CPU.ActiveCfg = Debug|Any CPU
		{9AF812E7-FEA1-44CE-BA22-A4C88E2FC7B7}.Debug|Any CPU.Build.0 = Debug|Any CPU
		{9AF812E7-FEA1-44CE-BA22-A4C88E2FC7B7}.Release|Any CPU.ActiveCfg = Release|Any CPU
		{9AF812E7-FEA1-44CE-BA22-A4C88E2FC7B7}.Release|Any CPU.Build.0 = Release|Any CPU
		{A17975F9-1C53-4FA3-98A9-AB6B33AD5F7E}.Debug|Any CPU.ActiveCfg = Debug|Any CPU
		{A17975F9-1C53-4FA3-98A9-AB6B33AD5F7E}.Debug|Any CPU.Build.0 = Debug|Any CPU
		{A17975F9-1C53-4FA3-98A9-AB6B33AD5F7E}.Release|Any CPU.ActiveCfg = Release|Any CPU
		{A17975F9-1C53-4FA3-98A9-AB6B33AD5F7E}.Release|Any CPU.Build.0 = Release|Any CPU
		{0C8414B6-EF52-4486-BCDA-354B84E03A6A}.Debug|Any CPU.ActiveCfg = Debug|Any CPU
		{0C8414B6-EF52-4486-BCDA-354B84E03A6A}.Debug|Any CPU.Build.0 = Debug|Any CPU
		{0C8414B6-EF52-4486-BCDA-354B84E03A6A}.Release|Any CPU.ActiveCfg = Release|Any CPU
		{0C8414B6-EF52-4486-BCDA-354B84E03A6A}.Release|Any CPU.Build.0 = Release|Any CPU
		{D9954DAD-24E9-4F51-8A8C-37C31CEEBC04}.Debug|Any CPU.ActiveCfg = Debug|Any CPU
		{D9954DAD-24E9-4F51-8A8C-37C31CEEBC04}.Debug|Any CPU.Build.0 = Debug|Any CPU
		{D9954DAD-24E9-4F51-8A8C-37C31CEEBC04}.Release|Any CPU.ActiveCfg = Release|Any CPU
		{D9954DAD-24E9-4F51-8A8C-37C31CEEBC04}.Release|Any CPU.Build.0 = Release|Any CPU
	EndGlobalSection
	GlobalSection(SolutionProperties) = preSolution
		HideSolutionNode = FALSE
	EndGlobalSection
	GlobalSection(ExtensibilityGlobals) = postSolution
		SolutionGuid = {6B2DD446-6372-4B23-B99E-8C35613E26D8}
	EndGlobalSection
EndGlobal
